
Microsoft Visual Studio Solution File, Format Version 12.00
# Visual Studio Version 16
VisualStudioVersion = 16.0.29613.14
MinimumVisualStudioVersion = 10.0.40219.1
Project("{8BC9CEB8-8B4A-11D0-8D11-00A0C91BC942}") = "Decimal To Hex To Binary", "Decimal To Hex To Binary\Decimal To Hex To Binary.vcxproj", "{2B2A6479-4BE6-4C14-877A-0C7E85EE005B}"
EndProject
Global
	GlobalSection(SolutionConfigurationPlatforms) = preSolution
		Debug|x64 = Debug|x64
		Debug|x86 = Debug|x86
		Release|x64 = Release|x64
		Release|x86 = Release|x86
	EndGlobalSection
	GlobalSection(ProjectConfigurationPlatforms) = postSolution
		{2B2A6479-4BE6-4C14-877A-0C7E85EE005B}.Debug|x64.ActiveCfg = Debug|x64
		{2B2A6479-4BE6-4C14-877A-0C7E85EE005B}.Debug|x64.Build.0 = Debug|x64
		{2B2A6479-4BE6-4C14-877A-0C7E85EE005B}.Debug|x86.ActiveCfg = Debug|Win32
		{2B2A6479-4BE6-4C14-877A-0C7E85EE005B}.Debug|x86.Build.0 = Debug|Win32
		{2B2A6479-4BE6-4C14-877A-0C7E85EE005B}.Release|x64.ActiveCfg = Release|x64
		{2B2A6479-4BE6-4C14-877A-0C7E85EE005B}.Release|x64.Build.0 = Release|x64
		{2B2A6479-4BE6-4C14-877A-0C7E85EE005B}.Release|x86.ActiveCfg = Release|Win32
		{2B2A6479-4BE6-4C14-877A-0C7E85EE005B}.Release|x86.Build.0 = Release|Win32
	EndGlobalSection
	GlobalSection(SolutionProperties) = preSolution
		HideSolutionNode = FALSE
	EndGlobalSection
	GlobalSection(ExtensibilityGlobals) = postSolution
		SolutionGuid = {FA5CDDCB-0FF0-4438-A806-AD392042FBC8}
	EndGlobalSection
EndGlobal
